{
    "_readme": [
        "This file locks the dependencies of your project to a known state",
        "Read more about it at https://getcomposer.org/doc/01-basic-usage.md#installing-dependencies",
        "This file is @generated automatically"
    ],
    "content-hash": "54704a318f182cd7011a69cb0e974f2a",
    "packages": [
        {
            "name": "codeguy/upload",
            "version": "1.3.2",
            "source": {
                "type": "git",
                "url": "https://github.com/brandonsavage/Upload.git",
                "reference": "6a9e5e1fb58d65346d0e557db2d46fb25efd3e37"
            },
            "dist": {
                "type": "zip",
                "url": "https://api.github.com/repos/brandonsavage/Upload/zipball/6a9e5e1fb58d65346d0e557db2d46fb25efd3e37",
                "reference": "6a9e5e1fb58d65346d0e557db2d46fb25efd3e37",
                "shasum": ""
            },
            "require": {
                "ext-fileinfo": "*",
                "php": ">=5.3.0"
            },
            "require-dev": {
                "phpunit/phpunit": "3.7.*"
            },
            "type": "library",
            "autoload": {
                "psr-0": {
                    "Upload": "src"
                }
            },
            "notification-url": "https://packagist.org/downloads/",
            "license": [
                "MIT"
            ],
            "authors": [
                {
                    "name": "Josh Lockhart",
                    "email": "info@joshlockhart.com",
                    "homepage": "https://github.com/codeguy/"
                }
            ],
            "description": "Handle file uploads with extensible validation and storage strategies",
            "homepage": "http://github.com/codeguy/Upload",
            "keywords": [
                "file",
                "upload",
                "validation"
            ],
            "support": {
                "issues": "https://github.com/brandonsavage/Upload/issues",
                "source": "https://github.com/brandonsavage/Upload/tree/1.3.2"
            },
            "time": "2013-07-07T17:01:41+00:00"
        },
        {
            "name": "kevinlebrun/slug.php",
            "version": "1.0.1",
            "source": {
                "type": "git",
                "url": "https://github.com/kevinlebrun/slug.php.git",
                "reference": "96af9eb40e8f5bb3a44b59c9f777d3301dfaebe0"
            },
            "dist": {
                "type": "zip",
                "url": "https://api.github.com/repos/kevinlebrun/slug.php/zipball/96af9eb40e8f5bb3a44b59c9f777d3301dfaebe0",
                "reference": "96af9eb40e8f5bb3a44b59c9f777d3301dfaebe0",
                "shasum": ""
            },
            "require": {
                "php": ">=5.3.0"
            },
            "require-dev": {
                "phpunit/phpunit": "3.7.*",
                "satooshi/php-coveralls": "dev-master",
                "squizlabs/php_codesniffer": "1.*"
            },
            "type": "library",
            "autoload": {
                "psr-0": {
                    "Slug": "src/"
                }
            },
            "notification-url": "https://packagist.org/downloads/",
            "license": [
                "MIT"
            ],
            "authors": [
                {
                    "name": "Kevin Le Brun",
                    "email": "lebrun.k@gmail.com",
                    "homepage": "http://kevinlebrun.fr",
                    "role": "developer"
                }
            ],
            "description": "Slug helpers",
            "homepage": "https://github.com/kevinlebrun/slug.php",
            "keywords": [
                "generate",
                "helper",
                "slug",
                "util"
            ],
            "support": {
                "issues": "https://github.com/kevinlebrun/slug.php/issues",
                "source": "https://github.com/kevinlebrun/slug.php/tree/master"
            },
            "time": "2013-07-26T09:35:59+00:00"
        },
        {
            "name": "rundiz/upload",
            "version": "2.0.14",
            "source": {
                "type": "git",
                "url": "https://github.com/Rundiz/upload.git",
                "reference": "dc184c7ff8ada13111097408ed0b2cff5048bb99"
            },
            "dist": {
                "type": "zip",
                "url": "https://api.github.com/repos/Rundiz/upload/zipball/dc184c7ff8ada13111097408ed0b2cff5048bb99",
                "reference": "dc184c7ff8ada13111097408ed0b2cff5048bb99",
                "shasum": ""
            },
            "require": {
                "php": ">=5.3.0"
            },
            "type": "library",
            "autoload": {
                "psr-4": {
                    "Rundiz\\Upload\\": "Rundiz/Upload"
                }
            },
            "notification-url": "https://packagist.org/downloads/",
            "license": [
                "MIT"
            ],
            "authors": [
                {
                    "name": "Vee W.",
                    "email": "kawewong@gmail.com",
                    "homepage": "http://rundiz.com",
                    "role": "Developer"
                }
            ],
            "description": "Upload single or multiple files with validations. (allowed file extensions, matched mime type, max file size, security scan, reserved file name, safe for web file name).",
            "keywords": [
                "php upload",
                "secure upload",
                "upload",
                "upload array",
                "upload multiple files",
                "upload single file",
                "web safe file name"
            ],
            "support": {
                "issues": "https://github.com/Rundiz/upload/issues",
                "source": "https://github.com/Rundiz/upload/tree/2.0.14"
            },
            "time": "2021-12-13T08:18:07+00:00"
        },
        {
            "name": "setasign/fpdf",
            "version": "1.8",
            "source": {
                "type": "git",
                "url": "https://github.com/Setasign/FPDF.git",
                "reference": "a8a76e8cfc1db7b1a18c096a021a0cdff70db6b5"
            },
            "dist": {
                "type": "zip",
                "url": "https://api.github.com/repos/Setasign/FPDF/zipball/a8a76e8cfc1db7b1a18c096a021a0cdff70db6b5",
                "reference": "a8a76e8cfc1db7b1a18c096a021a0cdff70db6b5",
                "shasum": ""
            },
            "type": "library",
            "autoload": {
                "classmap": [
                    "fpdf.php"
                ]
            },
            "notification-url": "https://packagist.org/downloads/",
            "license": [
                "no usage restriction"
            ],
            "authors": [
                {
                    "name": "Olivier Plathey",
                    "email": "oliver@fpdf.org",
                    "homepage": "http://fpdf.org/"
                }
            ],
            "description": "FPDF is a PHP class which allows to generate PDF files with pure PHP. F from FPDF stands for Free: you may use it for any kind of usage and modify it to suit your needs.",
            "homepage": "http://www.fpdf.org",
            "keywords": [
                "fpdf",
                "pdf"
            ],
            "support": {
                "source": "https://github.com/Setasign/FPDF/tree/1.8"
            },
            "time": "2015-11-30T09:05:35+00:00"
        }
    ],
    "packages-dev": [],
    "aliases": [],
    "minimum-stability": "stable",
    "stability-flags": [],
    "prefer-stable": false,
    "prefer-lowest": false,
    "platform": [],
    "platform-dev": [],
    "plugin-api-version": "2.2.0"
}
